
Microsoft Visual Studio Solution File, Format Version 12.00
# Visual Studio 15
VisualStudioVersion = 15.0.27428.2015
MinimumVisualStudioVersion = 10.0.40219.1
Project("{9A19103F-16F7-4668-BE54-9A1E7A4F7556}") = "DesignPatternsProj", "DesignPatternsProj\DesignPatternsProj.csproj", "{28D2984E-9645-40FF-828A-53F5A71BAE9D}"
EndProject
Project("{2150E333-8FDC-42A3-9474-1A3956D46DE8}") = "CreationalDP", "CreationalDP", "{99289756-AF81-431A-938C-E94C775C7705}"
EndProject
Project("{9A19103F-16F7-4668-BE54-9A1E7A4F7556}") = "SingletonProj", "SingletonProj\SingletonProj.csproj", "{57147970-E5D1-4D64-8C5C-341BBE38247D}"
EndProject
Project("{9A19103F-16F7-4668-BE54-9A1E7A4F7556}") = "DPClient", "DPClient\DPClient.csproj", "{5CDD8122-C0A6-4948-802A-4B348235DAA2}"
EndProject
Project("{9A19103F-16F7-4668-BE54-9A1E7A4F7556}") = "Prototype", "Prototype\Prototype.csproj", "{F825D5DD-832B-4C0B-AEB2-F80BD4EECDD8}"
EndProject
Project("{9A19103F-16F7-4668-BE54-9A1E7A4F7556}") = "AbstractFactory", "AbstractFactory\AbstractFactory.csproj", "{F221A033-CE04-492E-9280-610907711131}"
EndProject
Project("{FAE04EC0-301F-11D3-BF4B-00C04F79EFBC}") = "Factory", "Factory\Factory.csproj", "{21A2ED9B-59C8-41DE-BA3F-3CAA2BD60712}"
EndProject
Project("{2150E333-8FDC-42A3-9474-1A3956D46DE8}") = "StructuralDP", "StructuralDP", "{C78C9791-9840-4AE4-BDCB-13CECE1B4E18}"
EndProject
Project("{FAE04EC0-301F-11D3-BF4B-00C04F79EFBC}") = "Decorator", "Decorator\Decorator.csproj", "{5AE53E32-8AE6-4833-A6B3-519F0EE481B0}"
EndProject
Project("{FAE04EC0-301F-11D3-BF4B-00C04F79EFBC}") = "Adapter", "Adapter\Adapter.csproj", "{3E60F459-55EF-4E91-A33A-D5FD8A357F8F}"
EndProject
Project("{FAE04EC0-301F-11D3-BF4B-00C04F79EFBC}") = "Bridge", "Bridge\Bridge.csproj", "{F61199BB-E82C-41A5-A359-4B7FAADD32B3}"
EndProject
Project("{FAE04EC0-301F-11D3-BF4B-00C04F79EFBC}") = "Proxy", "Proxy\Proxy.csproj", "{AC954051-A2CC-4835-AD4F-B455356C6BC2}"
EndProject
Project("{2150E333-8FDC-42A3-9474-1A3956D46DE8}") = "BehaviouralDP", "BehaviouralDP", "{A7EB1E0D-4FA9-476C-8CCA-5EE831487907}"
EndProject
Project("{FAE04EC0-301F-11D3-BF4B-00C04F79EFBC}") = "Command", "Command\Command.csproj", "{A7099108-4E82-44DC-84D8-1E016EB7CBFE}"
EndProject
Project("{FAE04EC0-301F-11D3-BF4B-00C04F79EFBC}") = "Facade", "Facade\Facade.csproj", "{24315ED7-A6C9-438C-8FBE-B690CBDD4E7D}"
EndProject
Global
	GlobalSection(SolutionConfigurationPlatforms) = preSolution
		Debug|Any CPU = Debug|Any CPU
		Release|Any CPU = Release|Any CPU
	EndGlobalSection
	GlobalSection(ProjectConfigurationPlatforms) = postSolution
		{28D2984E-9645-40FF-828A-53F5A71BAE9D}.Debug|Any CPU.ActiveCfg = Debug|Any CPU
		{28D2984E-9645-40FF-828A-53F5A71BAE9D}.Debug|Any CPU.Build.0 = Debug|Any CPU
		{28D2984E-9645-40FF-828A-53F5A71BAE9D}.Release|Any CPU.ActiveCfg = Release|Any CPU
		{28D2984E-9645-40FF-828A-53F5A71BAE9D}.Release|Any CPU.Build.0 = Release|Any CPU
		{57147970-E5D1-4D64-8C5C-341BBE38247D}.Debug|Any CPU.ActiveCfg = Debug|Any CPU
		{57147970-E5D1-4D64-8C5C-341BBE38247D}.Debug|Any CPU.Build.0 = Debug|Any CPU
		{57147970-E5D1-4D64-8C5C-341BBE38247D}.Release|Any CPU.ActiveCfg = Release|Any CPU
		{57147970-E5D1-4D64-8C5C-341BBE38247D}.Release|Any CPU.Build.0 = Release|Any CPU
		{5CDD8122-C0A6-4948-802A-4B348235DAA2}.Debug|Any CPU.ActiveCfg = Debug|Any CPU
		{5CDD8122-C0A6-4948-802A-4B348235DAA2}.Debug|Any CPU.Build.0 = Debug|Any CPU
		{5CDD8122-C0A6-4948-802A-4B348235DAA2}.Release|Any CPU.ActiveCfg = Release|Any CPU
		{5CDD8122-C0A6-4948-802A-4B348235DAA2}.Release|Any CPU.Build.0 = Release|Any CPU
		{F825D5DD-832B-4C0B-AEB2-F80BD4EECDD8}.Debug|Any CPU.ActiveCfg = Debug|Any CPU
		{F825D5DD-832B-4C0B-AEB2-F80BD4EECDD8}.Debug|Any CPU.Build.0 = Debug|Any CPU
		{F825D5DD-832B-4C0B-AEB2-F80BD4EECDD8}.Release|Any CPU.ActiveCfg = Release|Any CPU
		{F825D5DD-832B-4C0B-AEB2-F80BD4EECDD8}.Release|Any CPU.Build.0 = Release|Any CPU
		{F221A033-CE04-492E-9280-610907711131}.Debug|Any CPU.ActiveCfg = Debug|Any CPU
		{F221A033-CE04-492E-9280-610907711131}.Debug|Any CPU.Build.0 = Debug|Any CPU
		{F221A033-CE04-492E-9280-610907711131}.Release|Any CPU.ActiveCfg = Release|Any CPU
		{F221A033-CE04-492E-9280-610907711131}.Release|Any CPU.Build.0 = Release|Any CPU
		{21A2ED9B-59C8-41DE-BA3F-3CAA2BD60712}.Debug|Any CPU.ActiveCfg = Debug|Any CPU
		{21A2ED9B-59C8-41DE-BA3F-3CAA2BD60712}.Debug|Any CPU.Build.0 = Debug|Any CPU
		{21A2ED9B-59C8-41DE-BA3F-3CAA2BD60712}.Release|Any CPU.ActiveCfg = Release|Any CPU
		{21A2ED9B-59C8-41DE-BA3F-3CAA2BD60712}.Release|Any CPU.Build.0 = Release|Any CPU
		{5AE53E32-8AE6-4833-A6B3-519F0EE481B0}.Debug|Any CPU.ActiveCfg = Debug|Any CPU
		{5AE53E32-8AE6-4833-A6B3-519F0EE481B0}.Debug|Any CPU.Build.0 = Debug|Any CPU
		{5AE53E32-8AE6-4833-A6B3-519F0EE481B0}.Release|Any CPU.ActiveCfg = Release|Any CPU
		{5AE53E32-8AE6-4833-A6B3-519F0EE481B0}.Release|Any CPU.Build.0 = Release|Any CPU
		{3E60F459-55EF-4E91-A33A-D5FD8A357F8F}.Debug|Any CPU.ActiveCfg = Debug|Any CPU
		{3E60F459-55EF-4E91-A33A-D5FD8A357F8F}.Debug|Any CPU.Build.0 = Debug|Any CPU
		{3E60F459-55EF-4E91-A33A-D5FD8A357F8F}.Release|Any CPU.ActiveCfg = Release|Any CPU
		{3E60F459-55EF-4E91-A33A-D5FD8A357F8F}.Release|Any CPU.Build.0 = Release|Any CPU
		{F61199BB-E82C-41A5-A359-4B7FAADD32B3}.Debug|Any CPU.ActiveCfg = Debug|Any CPU
		{F61199BB-E82C-41A5-A359-4B7FAADD32B3}.Debug|Any CPU.Build.0 = Debug|Any CPU
		{F61199BB-E82C-41A5-A359-4B7FAADD32B3}.Release|Any CPU.ActiveCfg = Release|Any CPU
		{F61199BB-E82C-41A5-A359-4B7FAADD32B3}.Release|Any CPU.Build.0 = Release|Any CPU
		{AC954051-A2CC-4835-AD4F-B455356C6BC2}.Debug|Any CPU.ActiveCfg = Debug|Any CPU
		{AC954051-A2CC-4835-AD4F-B455356C6BC2}.Debug|Any CPU.Build.0 = Debug|Any CPU
		{AC954051-A2CC-4835-AD4F-B455356C6BC2}.Release|Any CPU.ActiveCfg = Release|Any CPU
		{AC954051-A2CC-4835-AD4F-B455356C6BC2}.Release|Any CPU.Build.0 = Release|Any CPU
		{A7099108-4E82-44DC-84D8-1E016EB7CBFE}.Debug|Any CPU.ActiveCfg = Debug|Any CPU
		{A7099108-4E82-44DC-84D8-1E016EB7CBFE}.Debug|Any CPU.Build.0 = Debug|Any CPU
		{A7099108-4E82-44DC-84D8-1E016EB7CBFE}.Release|Any CPU.ActiveCfg = Release|Any CPU
		{A7099108-4E82-44DC-84D8-1E016EB7CBFE}.Release|Any CPU.Build.0 = Release|Any CPU
		{24315ED7-A6C9-438C-8FBE-B690CBDD4E7D}.Debug|Any CPU.ActiveCfg = Debug|Any CPU
		{24315ED7-A6C9-438C-8FBE-B690CBDD4E7D}.Debug|Any CPU.Build.0 = Debug|Any CPU
		{24315ED7-A6C9-438C-8FBE-B690CBDD4E7D}.Release|Any CPU.ActiveCfg = Release|Any CPU
		{24315ED7-A6C9-438C-8FBE-B690CBDD4E7D}.Release|Any CPU.Build.0 = Release|Any CPU
	EndGlobalSection
	GlobalSection(SolutionProperties) = preSolution
		HideSolutionNode = FALSE
	EndGlobalSection
	GlobalSection(NestedProjects) = preSolution
		{57147970-E5D1-4D64-8C5C-341BBE38247D} = {99289756-AF81-431A-938C-E94C775C7705}
		{F825D5DD-832B-4C0B-AEB2-F80BD4EECDD8} = {99289756-AF81-431A-938C-E94C775C7705}
		{F221A033-CE04-492E-9280-610907711131} = {99289756-AF81-431A-938C-E94C775C7705}
		{21A2ED9B-59C8-41DE-BA3F-3CAA2BD60712} = {99289756-AF81-431A-938C-E94C775C7705}
		{5AE53E32-8AE6-4833-A6B3-519F0EE481B0} = {C78C9791-9840-4AE4-BDCB-13CECE1B4E18}
		{3E60F459-55EF-4E91-A33A-D5FD8A357F8F} = {C78C9791-9840-4AE4-BDCB-13CECE1B4E18}
		{F61199BB-E82C-41A5-A359-4B7FAADD32B3} = {C78C9791-9840-4AE4-BDCB-13CECE1B4E18}
		{AC954051-A2CC-4835-AD4F-B455356C6BC2} = {C78C9791-9840-4AE4-BDCB-13CECE1B4E18}
		{A7099108-4E82-44DC-84D8-1E016EB7CBFE} = {A7EB1E0D-4FA9-476C-8CCA-5EE831487907}
		{24315ED7-A6C9-438C-8FBE-B690CBDD4E7D} = {C78C9791-9840-4AE4-BDCB-13CECE1B4E18}
	EndGlobalSection
	GlobalSection(ExtensibilityGlobals) = postSolution
		SolutionGuid = {BA5A3E86-2BD1-40C7-B950-4B74A623CEC4}
	EndGlobalSection
EndGlobal
